
Microsoft Visual Studio Solution File, Format Version 12.00
# Visual Studio 15
VisualStudioVersion = 15.0.27428.2027
MinimumVisualStudioVersion = 10.0.40219.1
Project("{FAE04EC0-301F-11D3-BF4B-00C04F79EFBC}") = "StaffClas", "StaffClas\StaffClas.csproj", "{61B907E1-5BA3-4A03-A87D-10E492C3E9EC}"
EndProject
Global
	GlobalSection(SolutionConfigurationPlatforms) = preSolution
		Debug|Any CPU = Debug|Any CPU
		Release|Any CPU = Release|Any CPU
	EndGlobalSection
	GlobalSection(ProjectConfigurationPlatforms) = postSolution
		{61B907E1-5BA3-4A03-A87D-10E492C3E9EC}.Debug|Any CPU.ActiveCfg = Debug|Any CPU
		{61B907E1-5BA3-4A03-A87D-10E492C3E9EC}.Debug|Any CPU.Build.0 = Debug|Any CPU
		{61B907E1-5BA3-4A03-A87D-10E492C3E9EC}.Release|Any CPU.ActiveCfg = Release|Any CPU
		{61B907E1-5BA3-4A03-A87D-10E492C3E9EC}.Release|Any CPU.Build.0 = Release|Any CPU
	EndGlobalSection
	GlobalSection(SolutionProperties) = preSolution
		HideSolutionNode = FALSE
	EndGlobalSection
	GlobalSection(ExtensibilityGlobals) = postSolution
		SolutionGuid = {AB17371A-B82F-479C-9F51-65D65A467B1B}
	EndGlobalSection
EndGlobal
